{
  "name": "pi-desk",
  "version": "0.3.0",
  "lockfileVersion": 3,
  "requires": true,
  "packages": {
    "": {
      "name": "pi-desk",
      "version": "0.3.0",
      "license": "MIT",
      "bin": {
        "pi-desk": "bin/pisesh",
        "pisesh": "bin/pisesh"
      },
      "engines": {
        "node": ">=18"
      }
    }
  }
}
